
Microsoft Visual Studio Solution File, Format Version 12.00
# Visual Studio Version 17
VisualStudioVersion = 17.12.35728.132
MinimumVisualStudioVersion = 10.0.40219.1
Project("{FAE04EC0-301F-11D3-BF4B-00C04F79EFBC}") = "Opg1", "MegRepFeb25\Opg1.csproj", "{9B71BB09-AC93-42D4-8D26-B285890CC913}"
EndProject
Project("{FAE04EC0-301F-11D3-BF4B-00C04F79EFBC}") = "Opg2", "FahrenheitToCelsius\Opg2.csproj", "{F0ACC3E5-63D0-4519-B371-E280A934BEFB}"
EndProject
Project("{FAE04EC0-301F-11D3-BF4B-00C04F79EFBC}") = "Opg3", "Opg3\Opg3.csproj", "{EC3D63CB-8CA9-425C-893A-BB271762908A}"
EndProject
Project("{FAE04EC0-301F-11D3-BF4B-00C04F79EFBC}") = "Opg4", "Opg4\Opg4.csproj", "{033BE317-897F-41A2-A293-DD6B6668D3E0}"
EndProject
Project("{FAE04EC0-301F-11D3-BF4B-00C04F79EFBC}") = "Opg5", "Opg5\Opg5.csproj", "{420D5069-0CFB-4A81-9788-9B052BC98085}"
EndProject
Project("{FAE04EC0-301F-11D3-BF4B-00C04F79EFBC}") = "Opg6", "Opg6\Opg6.csproj", "{18D665DF-05C0-429F-91F8-E42D25B03850}"
EndProject
Project("{FAE04EC0-301F-11D3-BF4B-00C04F79EFBC}") = "Opg7", "Opg7\Opg7.csproj", "{B469C13D-3952-4890-90F8-29CF2B921465}"
EndProject
Project("{FAE04EC0-301F-11D3-BF4B-00C04F79EFBC}") = "Opg8_tjek", "Opg8\Opg8_tjek.csproj", "{7926146F-724A-4135-BB9C-B7AA0F9C63EA}"
EndProject
Project("{FAE04EC0-301F-11D3-BF4B-00C04F79EFBC}") = "Opg9", "Opg9\Opg9.csproj", "{C41577FD-58CD-4BBA-86C4-8309E2D3353C}"
EndProject
Project("{FAE04EC0-301F-11D3-BF4B-00C04F79EFBC}") = "Opg10", "Opg10\Opg10.csproj", "{66D987EE-AD9E-418B-B666-C2FA67F1BF27}"
EndProject
Project("{FAE04EC0-301F-11D3-BF4B-00C04F79EFBC}") = "Opg11", "Opg11\Opg11.csproj", "{5F525C09-68CF-4F5D-8593-89867587D1D8}"
EndProject
Project("{FAE04EC0-301F-11D3-BF4B-00C04F79EFBC}") = "Opg12", "Opg12\Opg12.csproj", "{91A0AF0C-531F-4F58-B531-CC12B6197BB6}"
EndProject
Project("{FAE04EC0-301F-11D3-BF4B-00C04F79EFBC}") = "Opg13", "Opg13\Opg13.csproj", "{F36A92E5-2C85-4508-B552-AC30BCCFFF43}"
EndProject
Project("{FAE04EC0-301F-11D3-BF4B-00C04F79EFBC}") = "Opg14", "Opg14\Opg14.csproj", "{E29D0EA2-A8B7-4388-9312-09F6F02C5FE8}"
EndProject
Project("{FAE04EC0-301F-11D3-BF4B-00C04F79EFBC}") = "Opg15", "Opg15\Opg15.csproj", "{D017B726-BB31-43E4-B2D6-3138842A463F}"
EndProject
Project("{FAE04EC0-301F-11D3-BF4B-00C04F79EFBC}") = "Opg16", "Opg16\Opg16.csproj", "{D2D26858-9092-4BAD-A3A6-FC2F01A66EBE}"
EndProject
Project("{FAE04EC0-301F-11D3-BF4B-00C04F79EFBC}") = "Opg17", "Opg17\Opg17.csproj", "{32246E9C-51A1-42C4-BF6C-2CFF7F24DF63}"
EndProject
Project("{FAE04EC0-301F-11D3-BF4B-00C04F79EFBC}") = "Opg18", "Opg18\Opg18.csproj", "{F862BC25-9644-4C2E-9D31-FACD625F87CE}"
EndProject
Project("{FAE04EC0-301F-11D3-BF4B-00C04F79EFBC}") = "Opg19", "Opg19\Opg19.csproj", "{2F0BB767-9949-4E7C-8E53-336B81D74148}"
EndProject
Project("{FAE04EC0-301F-11D3-BF4B-00C04F79EFBC}") = "Opg20", "Opg20\Opg20.csproj", "{FAFB7211-F44C-45AD-A9C1-B5D737ABDAF4}"
EndProject
Global
	GlobalSection(SolutionConfigurationPlatforms) = preSolution
		Debug|Any CPU = Debug|Any CPU
		Release|Any CPU = Release|Any CPU
	EndGlobalSection
	GlobalSection(ProjectConfigurationPlatforms) = postSolution
		{9B71BB09-AC93-42D4-8D26-B285890CC913}.Debug|Any CPU.ActiveCfg = Debug|Any CPU
		{9B71BB09-AC93-42D4-8D26-B285890CC913}.Debug|Any CPU.Build.0 = Debug|Any CPU
		{9B71BB09-AC93-42D4-8D26-B285890CC913}.Release|Any CPU.ActiveCfg = Release|Any CPU
		{9B71BB09-AC93-42D4-8D26-B285890CC913}.Release|Any CPU.Build.0 = Release|Any CPU
		{F0ACC3E5-63D0-4519-B371-E280A934BEFB}.Debug|Any CPU.ActiveCfg = Debug|Any CPU
		{F0ACC3E5-63D0-4519-B371-E280A934BEFB}.Debug|Any CPU.Build.0 = Debug|Any CPU
		{F0ACC3E5-63D0-4519-B371-E280A934BEFB}.Release|Any CPU.ActiveCfg = Release|Any CPU
		{F0ACC3E5-63D0-4519-B371-E280A934BEFB}.Release|Any CPU.Build.0 = Release|Any CPU
		{EC3D63CB-8CA9-425C-893A-BB271762908A}.Debug|Any CPU.ActiveCfg = Debug|Any CPU
		{EC3D63CB-8CA9-425C-893A-BB271762908A}.Debug|Any CPU.Build.0 = Debug|Any CPU
		{EC3D63CB-8CA9-425C-893A-BB271762908A}.Release|Any CPU.ActiveCfg = Release|Any CPU
		{EC3D63CB-8CA9-425C-893A-BB271762908A}.Release|Any CPU.Build.0 = Release|Any CPU
		{033BE317-897F-41A2-A293-DD6B6668D3E0}.Debug|Any CPU.ActiveCfg = Debug|Any CPU
		{033BE317-897F-41A2-A293-DD6B6668D3E0}.Debug|Any CPU.Build.0 = Debug|Any CPU
		{033BE317-897F-41A2-A293-DD6B6668D3E0}.Release|Any CPU.ActiveCfg = Release|Any CPU
		{033BE317-897F-41A2-A293-DD6B6668D3E0}.Release|Any CPU.Build.0 = Release|Any CPU
		{420D5069-0CFB-4A81-9788-9B052BC98085}.Debug|Any CPU.ActiveCfg = Debug|Any CPU
		{420D5069-0CFB-4A81-9788-9B052BC98085}.Debug|Any CPU.Build.0 = Debug|Any CPU
		{420D5069-0CFB-4A81-9788-9B052BC98085}.Release|Any CPU.ActiveCfg = Release|Any CPU
		{420D5069-0CFB-4A81-9788-9B052BC98085}.Release|Any CPU.Build.0 = Release|Any CPU
		{18D665DF-05C0-429F-91F8-E42D25B03850}.Debug|Any CPU.ActiveCfg = Debug|Any CPU
		{18D665DF-05C0-429F-91F8-E42D25B03850}.Debug|Any CPU.Build.0 = Debug|Any CPU
		{18D665DF-05C0-429F-91F8-E42D25B03850}.Release|Any CPU.ActiveCfg = Release|Any CPU
		{18D665DF-05C0-429F-91F8-E42D25B03850}.Release|Any CPU.Build.0 = Release|Any CPU
		{B469C13D-3952-4890-90F8-29CF2B921465}.Debug|Any CPU.ActiveCfg = Debug|Any CPU
		{B469C13D-3952-4890-90F8-29CF2B921465}.Debug|Any CPU.Build.0 = Debug|Any CPU
		{B469C13D-3952-4890-90F8-29CF2B921465}.Release|Any CPU.ActiveCfg = Release|Any CPU
		{B469C13D-3952-4890-90F8-29CF2B921465}.Release|Any CPU.Build.0 = Release|Any CPU
		{7926146F-724A-4135-BB9C-B7AA0F9C63EA}.Debug|Any CPU.ActiveCfg = Debug|Any CPU
		{7926146F-724A-4135-BB9C-B7AA0F9C63EA}.Debug|Any CPU.Build.0 = Debug|Any CPU
		{7926146F-724A-4135-BB9C-B7AA0F9C63EA}.Release|Any CPU.ActiveCfg = Release|Any CPU
		{7926146F-724A-4135-BB9C-B7AA0F9C63EA}.Release|Any CPU.Build.0 = Release|Any CPU
		{C41577FD-58CD-4BBA-86C4-8309E2D3353C}.Debug|Any CPU.ActiveCfg = Debug|Any CPU
		{C41577FD-58CD-4BBA-86C4-8309E2D3353C}.Debug|Any CPU.Build.0 = Debug|Any CPU
		{C41577FD-58CD-4BBA-86C4-8309E2D3353C}.Release|Any CPU.ActiveCfg = Release|Any CPU
		{C41577FD-58CD-4BBA-86C4-8309E2D3353C}.Release|Any CPU.Build.0 = Release|Any CPU
		{66D987EE-AD9E-418B-B666-C2FA67F1BF27}.Debug|Any CPU.ActiveCfg = Debug|Any CPU
		{66D987EE-AD9E-418B-B666-C2FA67F1BF27}.Debug|Any CPU.Build.0 = Debug|Any CPU
		{66D987EE-AD9E-418B-B666-C2FA67F1BF27}.Release|Any CPU.ActiveCfg = Release|Any CPU
		{66D987EE-AD9E-418B-B666-C2FA67F1BF27}.Release|Any CPU.Build.0 = Release|Any CPU
		{5F525C09-68CF-4F5D-8593-89867587D1D8}.Debug|Any CPU.ActiveCfg = Debug|Any CPU
		{5F525C09-68CF-4F5D-8593-89867587D1D8}.Debug|Any CPU.Build.0 = Debug|Any CPU
		{5F525C09-68CF-4F5D-8593-89867587D1D8}.Release|Any CPU.ActiveCfg = Release|Any CPU
		{5F525C09-68CF-4F5D-8593-89867587D1D8}.Release|Any CPU.Build.0 = Release|Any CPU
		{91A0AF0C-531F-4F58-B531-CC12B6197BB6}.Debug|Any CPU.ActiveCfg = Debug|Any CPU
		{91A0AF0C-531F-4F58-B531-CC12B6197BB6}.Debug|Any CPU.Build.0 = Debug|Any CPU
		{91A0AF0C-531F-4F58-B531-CC12B6197BB6}.Release|Any CPU.ActiveCfg = Release|Any CPU
		{91A0AF0C-531F-4F58-B531-CC12B6197BB6}.Release|Any CPU.Build.0 = Release|Any CPU
		{F36A92E5-2C85-4508-B552-AC30BCCFFF43}.Debug|Any CPU.ActiveCfg = Debug|Any CPU
		{F36A92E5-2C85-4508-B552-AC30BCCFFF43}.Debug|Any CPU.Build.0 = Debug|Any CPU
		{F36A92E5-2C85-4508-B552-AC30BCCFFF43}.Release|Any CPU.ActiveCfg = Release|Any CPU
		{F36A92E5-2C85-4508-B552-AC30BCCFFF43}.Release|Any CPU.Build.0 = Release|Any CPU
		{E29D0EA2-A8B7-4388-9312-09F6F02C5FE8}.Debug|Any CPU.ActiveCfg = Debug|Any CPU
		{E29D0EA2-A8B7-4388-9312-09F6F02C5FE8}.Debug|Any CPU.Build.0 = Debug|Any CPU
		{E29D0EA2-A8B7-4388-9312-09F6F02C5FE8}.Release|Any CPU.ActiveCfg = Release|Any CPU
		{E29D0EA2-A8B7-4388-9312-09F6F02C5FE8}.Release|Any CPU.Build.0 = Release|Any CPU
		{D017B726-BB31-43E4-B2D6-3138842A463F}.Debug|Any CPU.ActiveCfg = Debug|Any CPU
		{D017B726-BB31-43E4-B2D6-3138842A463F}.Debug|Any CPU.Build.0 = Debug|Any CPU
		{D017B726-BB31-43E4-B2D6-3138842A463F}.Release|Any CPU.ActiveCfg = Release|Any CPU
		{D017B726-BB31-43E4-B2D6-3138842A463F}.Release|Any CPU.Build.0 = Release|Any CPU
		{D2D26858-9092-4BAD-A3A6-FC2F01A66EBE}.Debug|Any CPU.ActiveCfg = Debug|Any CPU
		{D2D26858-9092-4BAD-A3A6-FC2F01A66EBE}.Debug|Any CPU.Build.0 = Debug|Any CPU
		{D2D26858-9092-4BAD-A3A6-FC2F01A66EBE}.Release|Any CPU.ActiveCfg = Release|Any CPU
		{D2D26858-9092-4BAD-A3A6-FC2F01A66EBE}.Release|Any CPU.Build.0 = Release|Any CPU
		{32246E9C-51A1-42C4-BF6C-2CFF7F24DF63}.Debug|Any CPU.ActiveCfg = Debug|Any CPU
		{32246E9C-51A1-42C4-BF6C-2CFF7F24DF63}.Debug|Any CPU.Build.0 = Debug|Any CPU
		{32246E9C-51A1-42C4-BF6C-2CFF7F24DF63}.Release|Any CPU.ActiveCfg = Release|Any CPU
		{32246E9C-51A1-42C4-BF6C-2CFF7F24DF63}.Release|Any CPU.Build.0 = Release|Any CPU
		{F862BC25-9644-4C2E-9D31-FACD625F87CE}.Debug|Any CPU.ActiveCfg = Debug|Any CPU
		{F862BC25-9644-4C2E-9D31-FACD625F87CE}.Debug|Any CPU.Build.0 = Debug|Any CPU
		{F862BC25-9644-4C2E-9D31-FACD625F87CE}.Release|Any CPU.ActiveCfg = Release|Any CPU
		{F862BC25-9644-4C2E-9D31-FACD625F87CE}.Release|Any CPU.Build.0 = Release|Any CPU
		{2F0BB767-9949-4E7C-8E53-336B81D74148}.Debug|Any CPU.ActiveCfg = Debug|Any CPU
		{2F0BB767-9949-4E7C-8E53-336B81D74148}.Debug|Any CPU.Build.0 = Debug|Any CPU
		{2F0BB767-9949-4E7C-8E53-336B81D74148}.Release|Any CPU.ActiveCfg = Release|Any CPU
		{2F0BB767-9949-4E7C-8E53-336B81D74148}.Release|Any CPU.Build.0 = Release|Any CPU
		{FAFB7211-F44C-45AD-A9C1-B5D737ABDAF4}.Debug|Any CPU.ActiveCfg = Debug|Any CPU
		{FAFB7211-F44C-45AD-A9C1-B5D737ABDAF4}.Debug|Any CPU.Build.0 = Debug|Any CPU
		{FAFB7211-F44C-45AD-A9C1-B5D737ABDAF4}.Release|Any CPU.ActiveCfg = Release|Any CPU
		{FAFB7211-F44C-45AD-A9C1-B5D737ABDAF4}.Release|Any CPU.Build.0 = Release|Any CPU
	EndGlobalSection
	GlobalSection(SolutionProperties) = preSolution
		HideSolutionNode = FALSE
	EndGlobalSection
EndGlobal
